// !$*UTF8*$!
{
	archiveVersion = 1;
	classes = {
	};
	objectVersion = 46;
	objects = {

/* Begin PBXBuildFile section */
		8C38B9F21D80EE3D00D2493A /* AppDelegate.swift in Sources */ = {isa = PBXBuildFile; fileRef = 8C38B9F11D80EE3D00D2493A /* AppDelegate.swift */; };
		8C38B9F41D80EE3D00D2493A /* ViewController.swift in Sources */ = {isa = PBXBuildFile; fileRef = 8C38B9F31D80EE3D00D2493A /* ViewController.swift */; };
		8C38B9F71D80EE3D00D2493A /* Main.storyboard in Resources */ = {isa = PBXBuildFile; fileRef = 8C38B9F51D80EE3D00D2493A /* Main.storyboard */; };
		8C38B9F91D80EE3D00D2493A /* Assets.xcassets in Resources */ = {isa = PBXBuildFile; fileRef = 8C38B9F81D80EE3D00D2493A /* Assets.xcassets */; };
		8C38B9FC1D80EE3D00D2493A /* LaunchScreen.storyboard in Resources */ = {isa = PBXBuildFile; fileRef = 8C38B9FA1D80EE3D00D2493A /* LaunchScreen.storyboard */; };
		8C38BA041D80F07500D2493A /* Datos.swift in Sources */ = {isa = PBXBuildFile; fileRef = 8C38BA031D80F07500D2493A /* Datos.swift */; };
/* End PBXBuildFile section */

/* Begin PBXFileReference section */
		8C38B9EE1D80EE3D00D2493A /* HamburguesasDelMundo.app */ = {isa = PBXFileReference; explicitFileType = wrapper.application; includeInIndex = 0; path = HamburguesasDelMundo.app; sourceTree = BUILT_PRODUCTS_DIR; };
		8C38B9F11D80EE3D00D2493A /* AppDelegate.swift */ = {isa = PBXFileReference; lastKnownFileType = sourcecode.swift; path = AppDelegate.swift; sourceTree = "<group>"; };
		8C38B9F31D80EE3D00D2493A /* ViewController.swift */ = {isa = PBXFileReference; lastKnownFileType = sourcecode.swift; path = ViewController.swift; sourceTree = "<group>"; };
		8C38B9F61D80EE3D00D2493A /* Base */ = {isa = PBXFileReference; lastKnownFileType = file.storyboard; name = Base; path = Base.lproj/Main.storyboard; sourceTree = "<group>"; };
		8C38B9F81D80EE3D00D2493A /* Assets.xcassets */ = {isa = PBXFileReference; lastKnownFileType = folder.assetcatalog; path = Assets.xcassets; sourceTree = "<group>"; };
		8C38B9FB1D80EE3D00D2493A /* Base */ = {isa = PBXFileReference; lastKnownFileType = file.storyboard; name = Base; path = Base.lproj/LaunchScreen.storyboard; sourceTree = "<group>"; };
		8C38B9FD1D80EE3D00D2493A /* Info.plist */ = {isa = PBXFileReference; lastKnownFileType = text.plist.xml; path = Info.plist; sourceTree = "<group>"; };
		8C38BA031D80F07500D2493A /* Datos.swift */ = {isa = PBXFileReference; fileEncoding = 4; lastKnownFileType = sourcecode.swift; path = Datos.swift; sourceTree = "<group>"; };
/* End PBXFileReference section */

/* Begin PBXFrameworksBuildPhase section */
		8C38B9EB1D80EE3D00D2493A /* Frameworks */ = {
			isa = PBXFrameworksBuildPhase;
			buildActionMask = 2147483647;
			files = (
			);
			runOnlyForDeploymentPostprocessing = 0;
		};
/* End PBXFrameworksBuildPhase section */

/* Begin PBXGroup section */
		8C38B9E51D80EE3D00D2493A = {
			isa = PBXGroup;
			children = (
				8C38B9F01D80EE3D00D2493A /* HamburguesasDelMundo */,
				8C38B9EF1D80EE3D00D2493A /* Products */,
			);
			sourceTree = "<group>";
		};
		8C38B9EF1D80EE3D00D2493A /* Products */ = {
			isa = PBXGroup;
			children = (
				8C38B9EE1D80EE3D00D2493A /* HamburguesasDelMundo.app */,
			);
			name = Products;
			sourceTree = "<group>";
		};
		8C38B9F01D80EE3D00D2493A /* HamburguesasDelMundo */ = {
			isa = PBXGroup;
			children = (
				8C38B9F11D80EE3D00D2493A /* AppDelegate.swift */,
				8C38B9F31D80EE3D00D2493A /* ViewController.swift */,
				8C38B9F51D80EE3D00D2493A /* Main.storyboard */,
				8C38B9F81D80EE3D00D2493A /* Assets.xcassets */,
				8C38B9FA1D80EE3D00D2493A /* LaunchScreen.storyboard */,
				8C38B9FD1D80EE3D00D2493A /* Info.plist */,
				8C38BA031D80F07500D2493A /* Datos.swift */,
			);
			path = HamburguesasDelMundo;
			sourceTree = "<group>";
		};
/* End PBXGroup section */

/* Begin PBXNativeTarget section */
		8C38B9ED1D80EE3D00D2493A /* HamburguesasDelMundo */ = {
			isa = PBXNativeTarget;
			buildConfigurationList = 8C38BA001D80EE3D00D2493A /* Build configuration list for PBXNativeTarget "HamburguesasDelMundo" */;
			buildPhases = (
				8C38B9EA1D80EE3D00D2493A /* Sources */,
				8C38B9EB1D80EE3D00D2493A /* Frameworks */,
				8C38B9EC1D80EE3D00D2493A /* Resources */,
			);
			buildRules = (
			);
			dependencies = (
			);
			name = HamburguesasDelMundo;
			productName = HamburguesasDelMundo;
			productReference = 8C38B9EE1D80EE3D00D2493A /* HamburguesasDelMundo.app */;
			productType = "com.apple.product-type.application";
		};
/* End PBXNativeTarget section */

/* Begin PBXProject section */
		8C38B9E61D80EE3D00D2493A /* Project object */ = {
			isa = PBXProject;
			attributes = {
				LastSwiftUpdateCheck = 0730;
				LastUpgradeCheck = 0730;
				ORGANIZATIONNAME = "Esteban Restrepo";
				TargetAttributes = {
					8C38B9ED1D80EE3D00D2493A = {
						CreatedOnToolsVersion = 7.3.1;
						DevelopmentTeam = MJ3UX2684P;
					};
				};
			};
			buildConfigurationList = 8C38B9E91D80EE3D00D2493A /* Build configuration list for PBXProject "HamburguesasDelMundo" */;
			compatibilityVersion = "Xcode 3.2";
			developmentRegion = English;
			hasScannedForEncodings = 0;
			knownRegions = (
				en,
				Base,
			);
			mainGroup = 8C38B9E51D80EE3D00D2493A;
			productRefGroup = 8C38B9EF1D80EE3D00D2493A /* Products */;
			projectDirPath = "";
			projectRoot = "";
			targets = (
				8C38B9ED1D80EE3D00D2493A /* HamburguesasDelMundo */,
			);
		};
/* End PBXProject section */

/* Begin PBXResourcesBuildPhase section */
		8C38B9EC1D80EE3D00D2493A /* Resources */ = {
			isa = PBXResourcesBuildPhase;
			buildActionMask = 2147483647;
			files = (
				8C38B9FC1D80EE3D00D2493A /* LaunchScreen.storyboard in Resources */,
				8C38B9F91D80EE3D00D2493A /* Assets.xcassets in Resources */,
				8C38B9F71D80EE3D00D2493A /* Main.storyboard in Resources */,
			);
			runOnlyForDeploymentPostprocessing = 0;
		};
/* End PBXResourcesBuildPhase section */

/* Begin PBXSourcesBuildPhase section */
		8C38B9EA1D80EE3D00D2493A /* Sources */ = {
			isa = PBXSourcesBuildPhase;
			buildActionMask = 2147483647;
			files = (
				8C38B9F41D80EE3D00D2493A /* ViewController.swift in Sources */,
				8C38B9F21D80EE3D00D2493A /* AppDelegate.swift in Sources */,
				8C38BA041D80F07500D2493A /* Datos.swift in Sources */,
			);
			runOnlyForDeploymentPostprocessing = 0;
		};
/* End PBXSourcesBuildPhase section */

/* Begin PBXVariantGroup section */
		8C38B9F51D80EE3D00D2493A /* Main.storyboard */ = {
			isa = PBXVariantGroup;
			children = (
				8C38B9F61D80EE3D00D2493A /* Base */,
			);
			name = Main.storyboard;
			sourceTree = "<group>";
		};
		8C38B9FA1D80EE3D00D2493A /* LaunchScreen.storyboard */ = {
			isa = PBXVariantGroup;
			children = (
				8C38B9FB1D80EE3D00D2493A /* Base */,
			);
			name = LaunchScreen.storyboard;
			sourceTree = "<group>";
		};
/* End PBXVariantGroup section */

/* Begin XCBuildConfiguration section */
		8C38B9FE1D80EE3D00D2493A /* Debug */ = {
			isa = XCBuildConfiguration;
			buildSettings = {
				ALWAYS_SEARCH_USER_PATHS = NO;
				CLANG_ANALYZER_NONNULL = YES;
				CLANG_CXX_LANGUAGE_STANDARD = "gnu++0x";
				CLANG_CXX_LIBRARY = "libc++";
				CLANG_ENABLE_MODULES = YES;
				CLANG_ENABLE_OBJC_ARC = YES;
				CLANG_WARN_BOOL_CONVERSION = YES;
				CLANG_WARN_CONSTANT_CONVERSION = YES;
				CLANG_WARN_DIRECT_OBJC_ISA_USAGE = YES_ERROR;
				CLANG_WARN_EMPTY_BODY = YES;
				CLANG_WARN_ENUM_CONVERSION = YES;
				CLANG_WARN_INT_CONVERSION = YES;
				CLANG_WARN_OBJC_ROOT_CLASS = YES_ERROR;
				CLANG_WARN_UNREACHABLE_CODE = YES;
				CLANG_WARN__DUPLICATE_METHOD_MATCH = YES;
				"CODE_SIGN_IDENTITY[sdk=iphoneos*]" = "iPhone Developer";
				COPY_PHASE_STRIP = NO;
				DEBUG_INFORMATION_FORMAT = dwarf;
				ENABLE_STRICT_OBJC_MSGSEND = YES;
				ENABLE_TESTABILITY = YES;
				GCC_C_LANGUAGE_STANDARD = gnu99;
				GCC_DYNAMIC_NO_PIC = NO;
				GCC_NO_COMMON_BLOCKS = YES;
				GCC_OPTIMIZATION_LEVEL = 0;
				GCC_PREPROCESSOR_DEFINITIONS = (
					"DEBUG=1",
					"$(inherited)",
				);
				GCC_WARN_64_TO_32_BIT_CONVERSION = YES;
				GCC_WARN_ABOUT_RETURN_TYPE = YES_ERROR;
				GCC_WARN_UNDECLARED_SELECTOR = YES;
				GCC_WARN_UNINITIALIZED_AUTOS = YES_AGGRESSIVE;
				GCC_WARN_UNUSED_FUNCTION = YES;
				GCC_WARN_UNUSED_VARIABLE = YES;
				IPHONEOS_DEPLOYMENT_TARGET = 9.3;
				MTL_ENABLE_DEBUG_INFO = YES;
				ONLY_ACTIVE_ARCH = YES;
				SDKROOT = iphoneos;
				SWIFT_OPTIMIZATION_LEVEL = "-Onone";
			};
			name = Debug;
		};
		8C38B9FF1D80EE3D00D2493A /* Release */ = {
			isa = XCBuildConfiguration;
			buildSettings = {
				ALWAYS_SEARCH_USER_PATHS = NO;
				CLANG_ANALYZER_NONNULL = YES;
				CLANG_CXX_LANGUAGE_STANDARD = "gnu++0x";
				CLANG_CXX_LIBRARY = "libc++";
				CLANG_ENABLE_MODULES = YES;
				CLANG_ENABLE_OBJC_ARC = YES;
				CLANG_WARN_BOOL_CONVERSION = YES;
				CLANG_WARN_CONSTANT_CONVERSION = YES;
				CLANG_WARN_DIRECT_OBJC_ISA_USAGE = YES_ERROR;
				CLANG_WARN_EMPTY_BODY = YES;
				CLANG_WARN_ENUM_CONVERSION = YES;
				CLANG_WARN_INT_CONVERSION = YES;
				CLANG_WARN_OBJC_ROOT_CLASS = YES_ERROR;
				CLANG_WARN_UNREACHABLE_CODE = YES;
				CLANG_WARN__DUPLICATE_METHOD_MATCH = YES;
				"CODE_SIGN_IDENTITY[sdk=iphoneos*]" = "iPhone Developer";
				COPY_PHASE_STRIP = NO;
				DEBUG_INFORMATION_FORMAT = "dwarf-with-dsym";
				ENABLE_NS_ASSERTIONS = NO;
				ENABLE_STRICT_OBJC_MSGSEND = YES;
				GCC_C_LANGUAGE_STANDARD = gnu99;
				GCC_NO_COMMON_BLOCKS = YES;
				GCC_WARN_64_TO_32_BIT_CONVERSION = YES;
				GCC_WARN_ABOUT_RETURN_TYPE = YES_ERROR;
				GCC_WARN_UNDECLARED_SELECTOR = YES;
				GCC_WARN_UNINITIALIZED_AUTOS = YES_AGGRESSIVE;
				GCC_WARN_UNUSED_FUNCTION = YES;
				GCC_WARN_UNUSED_VARIABLE = YES;
				IPHONEOS_DEPLOYMENT_TARGET = 9.3;
				MTL_ENABLE_DEBUG_INFO = NO;
				SDKROOT = iphoneos;
				VALIDATE_PRODUCT = YES;
			};
			name = Release;
		};
		8C38BA011D80EE3D00D2493A /* Debug */ = {
			isa = XCBuildConfiguration;
			buildSettings = {
				ASSETCATALOG_COMPILER_APPICON_NAME = AppIcon;
				CODE_SIGN_IDENTITY = "iPhone Developer";
				INFOPLIST_FILE = HamburguesasDelMundo/Info.plist;
				LD_RUNPATH_SEARCH_PATHS = "$(inherited) @executable_path/Frameworks";
				PRODUCT_BUNDLE_IDENTIFIER = com.example.HamburguesasDelMundo;
				PRODUCT_NAME = "$(TARGET_NAME)";
			};
			name = Debug;
		};
		8C38BA021D80EE3D00D2493A /* Release */ = {
			isa = XCBuildConfiguration;
			buildSettings = {
				ASSETCATALOG_COMPILER_APPICON_NAME = AppIcon;
				CODE_SIGN_IDENTITY = "iPhone Developer";
				INFOPLIST_FILE = HamburguesasDelMundo/Info.plist;
				LD_RUNPATH_SEARCH_PATHS = "$(inherited) @executable_path/Frameworks";
				PRODUCT_BUNDLE_IDENTIFIER = com.example.HamburguesasDelMundo;
				PRODUCT_NAME = "$(TARGET_NAME)";
			};
			name = Release;
		};
/* End XCBuildConfiguration section */

/* Begin XCConfigurationList section */
		8C38B9E91D80EE3D00D2493A /* Build configuration list for PBXProject "HamburguesasDelMundo" */ = {
			isa = XCConfigurationList;
			buildConfigurations = (
				8C38B9FE1D80EE3D00D2493A /* Debug */,
				8C38B9FF1D80EE3D00D2493A /* Release */,
			);
			defaultConfigurationIsVisible = 0;
			defaultConfigurationName = Release;
		};
		8C38BA001D80EE3D00D2493A /* Build configuration list for PBXNativeTarget "HamburguesasDelMundo" */ = {
			isa = XCConfigurationList;
			buildConfigurations = (
				8C38BA011D80EE3D00D2493A /* Debug */,
				8C38BA021D80EE3D00D2493A /* Release */,
			);
			defaultConfigurationIsVisible = 0;
			defaultConfigurationName = Release;
		};
/* End XCConfigurationList section */
	};
	rootObject = 8C38B9E61D80EE3D00D2493A /* Project object */;
}
